
Microsoft Visual Studio Solution File, Format Version 12.00
# Visual Studio Version 16
VisualStudioVersion = 16.0.30114.105
MinimumVisualStudioVersion = 10.0.40219.1
Project("{FAE04EC0-301F-11D3-BF4B-00C04F79EFBC}") = "BigSchool", "BigSchool\BigSchool.csproj", "{B8B18D77-0940-49EA-9EE3-33EAAEB8BE61}"
EndProject
Global
	GlobalSection(SolutionConfigurationPlatforms) = preSolution
		Debug|Any CPU = Debug|Any CPU
		Release|Any CPU = Release|Any CPU
	EndGlobalSection
	GlobalSection(ProjectConfigurationPlatforms) = postSolution
		{B8B18D77-0940-49EA-9EE3-33EAAEB8BE61}.Debug|Any CPU.ActiveCfg = Debug|Any CPU
		{B8B18D77-0940-49EA-9EE3-33EAAEB8BE61}.Debug|Any CPU.Build.0 = Debug|Any CPU
		{B8B18D77-0940-49EA-9EE3-33EAAEB8BE61}.Release|Any CPU.ActiveCfg = Release|Any CPU
		{B8B18D77-0940-49EA-9EE3-33EAAEB8BE61}.Release|Any CPU.Build.0 = Release|Any CPU
	EndGlobalSection
	GlobalSection(SolutionProperties) = preSolution
		HideSolutionNode = FALSE
	EndGlobalSection
	GlobalSection(ExtensibilityGlobals) = postSolution
		SolutionGuid = {1583EC70-D949-452D-B863-2CE5475042D6}
	EndGlobalSection
EndGlobal
